github.com/sweetrpg/common v0.0.2 h1:mck63Q0ifENqM2/luS4uPT4zt5wb2IfY/h9WQucpuI0=
github.com/sweetrpg/common v0.0.2/go.mod h1:lOLm8n3qGzC4MnMCMMUe3JObUHyqImg3e2XKMUIK8Qc=
github.com/sweetrpg/common v0.0.3 h1:qO1Vw+idJl41MMLmkbAz3NI1LRSMIoHTX1K8Lsv8mNs=
github.com/sweetrpg/common v0.0.3/go.mod h1:WYj6M7cbmXqQm2fV5e6IzZHT3eWIVWJNx79LMuBLTzw=
